
Microsoft Visual Studio Solution File, Format Version 11.00
# Visual Studio 2010
Project("{FAE04EC0-301F-11D3-BF4B-00C04F79EFBC}") = "Web_junggla", "Web_junggla\Web_junggla.csproj", "{BA3E7142-FA84-4AB0-BB81-D919FA9741E8}"
EndProject
Global
	GlobalSection(SolutionConfigurationPlatforms) = preSolution
		Debug|Any CPU = Debug|Any CPU
		Release|Any CPU = Release|Any CPU
	EndGlobalSection
	GlobalSection(ProjectConfigurationPlatforms) = postSolution
		{BA3E7142-FA84-4AB0-BB81-D919FA9741E8}.Debug|Any CPU.ActiveCfg = Debug|Any CPU
		{BA3E7142-FA84-4AB0-BB81-D919FA9741E8}.Debug|Any CPU.Build.0 = Debug|Any CPU
		{BA3E7142-FA84-4AB0-BB81-D919FA9741E8}.Release|Any CPU.ActiveCfg = Release|Any CPU
		{BA3E7142-FA84-4AB0-BB81-D919FA9741E8}.Release|Any CPU.Build.0 = Release|Any CPU
	EndGlobalSection
	GlobalSection(SolutionProperties) = preSolution
		HideSolutionNode = FALSE
	EndGlobalSection
EndGlobal
